PODS:
  - FlutterMacOS (1.0.0)
  - quick_blue (0.0.1):
    - FlutterMacOS

DEPENDENCIES:
  - FlutterMacOS (from `Flutter/ephemeral`)
  - quick_blue (from `Flutter/ephemeral/.symlinks/plugins/quick_blue/macos`)

EXTERNAL SOURCES:
  FlutterMacOS:
    :path: Flutter/ephemeral
  quick_blue:
    :path: Flutter/ephemeral/.symlinks/plugins/quick_blue/macos

SPEC CHECKSUMS:
  FlutterMacOS: 8f6f14fa908a6fb3fba0cd85dbd81ec4b251fb24
  quick_blue: 134a963f530ccdccdf4a4dda27fa6806fcf17792

PODFILE CHECKSUM: 236401fc2c932af29a9fcf0e97baeeb2d750d367

COCOAPODS: 1.13.0
